
Microsoft Visual Studio Solution File, Format Version 12.00
# Visual Studio Version 16
VisualStudioVersion = 16.0.28917.181
MinimumVisualStudioVersion = 10.0.40219.1
Project("{FAE04EC0-301F-11D3-BF4B-00C04F79EFBC}") = "TradingSystem", "TradingSystem.csproj", "{6EAF278E-24C0-4D27-9CBE-9F93B7D2EC41}"
EndProject
Global
	GlobalSection(SolutionConfigurationPlatforms) = preSolution
		Debug|Any CPU = Debug|Any CPU
		Release|Any CPU = Release|Any CPU
	EndGlobalSection
	GlobalSection(ProjectConfigurationPlatforms) = postSolution
		{6EAF278E-24C0-4D27-9CBE-9F93B7D2EC41}.Debug|Any CPU.ActiveCfg = Debug|Any CPU
		{6EAF278E-24C0-4D27-9CBE-9F93B7D2EC41}.Debug|Any CPU.Build.0 = Debug|Any CPU
		{6EAF278E-24C0-4D27-9CBE-9F93B7D2EC41}.Release|Any CPU.ActiveCfg = Release|Any CPU
		{6EAF278E-24C0-4D27-9CBE-9F93B7D2EC41}.Release|Any CPU.Build.0 = Release|Any CPU
	EndGlobalSection
	GlobalSection(SolutionProperties) = preSolution
		HideSolutionNode = FALSE
	EndGlobalSection
	GlobalSection(ExtensibilityGlobals) = postSolution
		SolutionGuid = {CF1E85FB-8488-4A62-929F-2CCB89FEEE0D}
	EndGlobalSection
EndGlobal
